{
  "version": "1.0.0",
  "lockfileVersion": 1,
  "requires": true,
  "dependencies": {
    "@types/angular": {
      "version": "1.7.0",
      "resolved": "https://registry.npmjs.org/@types/angular/-/angular-1.7.0.tgz",
      "integrity": "sha512-zneUmi5I6oSkGBqkRP9rxbWX1mi6Yj7gNV+WNffmJLf8x4cnV0MGqXFNSP90NZ1kRRLCOdKBf9RIVD1TMg4aog=="
    },
    "@types/angular-resource": {
      "version": "1.5.15",
      "resolved": "https://registry.npmjs.org/@types/angular-resource/-/angular-resource-1.5.15.tgz",
      "integrity": "sha512-9YZwDxh+YMYtVvgEtW8oVQXKDJf0QcLrvR5hS9NMi/faDm2V+87TuHBtQBMPKEgMo0SyyVxKzhg8gsscNVMFUw==",
      "requires": {
        "@types/angular": "*"
      }
    },
    "@types/angular-route": {
      "version": "1.7.1",
      "resolved": "https://registry.npmjs.org/@types/angular-route/-/angular-route-1.7.1.tgz",
      "integrity": "sha512-5N5nfUYTEf5InmrhGU5qtvBOHOq6uvv1olJR5fd6Eq5YFT+cdjrr0nklBaFfulAsF0Cd8y7IQipgaUSwWsATYQ==",
      "requires": {
        "@types/angular": "*"
      }
    }
  }
}
